<?xml version="1.0" encoding="UTF-8" standalone="yes" ?>
<CodeBlocks_project_file>
	<FileVersion major="1" minor="6" />
	<Project>
		<Option title="Evan" />
		<Option makefile_is_custom="1" />
		<Option pch_mode="2" />
		<Option compiler="gcc" />
		<MakeCommands>
			<Build command="$mingw32-make.exe -f $makefile $target" />
			<CompileFile command="$mingw32-make.exe  -f $makefile $file" />
			<Clean command="$mingw32-make.exe -f clean $target" />
			<DistClean command="$mingw32-make.exe -f $makefile distclean$target" />
			<AskRebuildNeeded command="$make -q -f $makefile $target" />
			<SilentBuild command="$mingw32-make.exe -f $makefile $target &gt; $(CMD_NULL)" />
		</MakeCommands>
		<Build>
			<Target title="Debug">
				<Option output="debug/Evan" prefix_auto="1" extension_auto="1" />
				<Option object_output="obj/Debug/" />
				<Option type="1" />
				<Option compiler="gcc" />
				<Compiler>
					<Add option="-Wall" />
					<Add option="-g" />
					<Add option="/Zi /D_DEBUG" />
					<Add directory="$(#qt4.include)" />
					<Add directory="$(#qt4.include)/QtGui" />
					<Add directory="$(#qt4.include)/QtCore" />
					<Add directory="$(#qt4.include)/QtOpenGL" />
					<Add directory="$(#qt4.include)/QtSvg" />
				</Compiler>
				<Linker>
					<Add option="/DEBUG" />
					<Add library="$(#qt4)\lib\libQt3Support4.a" />
					<Add library="$(#qt4)\lib\libQt3Supportd4.a" />
					<Add library="$(#qt4)\lib\libQtAssistantClient4.a" />
					<Add library="$(#qt4)\lib\libQtAssistantClientd4.a" />
					<Add library="$(#qt4)\lib\libQtCLucene4.a" />
					<Add library="$(#qt4)\lib\libQtCLucened4.a" />
					<Add library="$(#qt4)\lib\libQtCore4.a" />
					<Add library="$(#qt4)\lib\libQtCored4.a" />
					<Add library="$(#qt4)\lib\libQtDesigner4.a" />
					<Add library="$(#qt4)\lib\libQtDesignerComponents4.a" />
					<Add library="$(#qt4)\lib\libQtDesignerComponentsd4.a" />
					<Add library="$(#qt4)\lib\libQtDesignerd4.a" />
					<Add library="$(#qt4)\lib\libQtGui4.a" />
					<Add library="$(#qt4)\lib\libQtGuid4.a" />
					<Add library="$(#qt4)\lib\libQtHelp4.a" />
					<Add library="$(#qt4)\lib\libQtHelpd4.a" />
					<Add library="$(#qt4)\lib\libqtmain.a" />
					<Add library="$(#qt4)\lib\libqtmaind.a" />
					<Add library="$(#qt4)\lib\libQtNetwork4.a" />
					<Add library="$(#qt4)\lib\libQtNetworkd4.a" />
					<Add library="$(#qt4)\lib\libQtOpenGL4.a" />
					<Add library="$(#qt4)\lib\libQtOpenGLd4.a" />
					<Add library="$(#qt4)\lib\libQtScript4.a" />
					<Add library="$(#qt4)\lib\libQtScriptd4.a" />
					<Add library="$(#qt4)\lib\libQtSql4.a" />
					<Add library="$(#qt4)\lib\libQtSqld4.a" />
					<Add library="$(#qt4)\lib\libQtSvg4.a" />
					<Add library="$(#qt4)\lib\libQtSvgd4.a" />
					<Add library="$(#qt4)\lib\libQtTest4.a" />
					<Add library="$(#qt4)\lib\libQtTestd4.a" />
					<Add library="$(#qt4)\lib\libQtUiTools.a" />
					<Add library="$(#qt4)\lib\libQtUiToolsd.a" />
					<Add library="$(#qt4)\lib\libQtWebKit4.a" />
					<Add library="$(#qt4)\lib\libQtWebKitd4.a" />
					<Add library="$(#qt4)\lib\libQtXml4.a" />
					<Add library="$(#qt4)\lib\libQtXmld4.a" />
					<Add library="$(#qt4)\lib\libQtXmlPatterns4.a" />
					<Add library="$(#qt4)\lib\libQtXmlPatternsd4.a" />
					<Add library="C:\OpenSceneGraph\lib\libOpenThreads.dll.a" />
					<Add library="C:\OpenSceneGraph\lib\libosg.dll.a" />
					<Add library="C:\OpenSceneGraph\lib\libosgDB.dll.a" />
					<Add library="C:\OpenSceneGraph\lib\libosgFX.dll.a" />
					<Add library="C:\OpenSceneGraph\lib\libosgGA.dll.a" />
					<Add library="C:\OpenSceneGraph\lib\libosgManipulator.dll.a" />
					<Add library="C:\OpenSceneGraph\lib\libosgParticle.dll.a" />
					<Add library="C:\OpenSceneGraph\lib\libosgShadow.dll.a" />
					<Add library="C:\OpenSceneGraph\lib\libosgSim.dll.a" />
					<Add library="C:\OpenSceneGraph\lib\libosgTerrain.dll.a" />
					<Add library="C:\OpenSceneGraph\lib\libosgText.dll.a" />
					<Add library="C:\OpenSceneGraph\lib\libosgUtil.dll.a" />
					<Add library="C:\OpenSceneGraph\lib\libosgViewer.dll.a" />
					<Add library="C:\OpenSceneGraph\lib\libosgWidget.dll.a" />
					<Add library="QtCore4" />
					<Add library="QtGui4" />
					<Add library="..\..\GMMlib\depends\libgsl.a" />
					<Add library="..\..\EW\libxml2\bin\libxml2.dll" />
					<Add directory="lib/CLAPACK" />
					<Add directory="lib/Qwt" />
					<Add directory="lib/OpenSceneGraph" />
					<Add directory="lib/GMM" />
					<Add directory="lib/R" />
					<Add directory="lib/Qwt3D" />
				</Linker>
				<MakeCommands>
					<Build command="mingw32-make.exe debug" />
					<CompileFile command="mingw32-make.exe -f $makefile $file" />
					<Clean command="mingw32-make.exe -f Makefile.Debug clean" />
					<DistClean command="mingw32-make.exe -f $makefile.$target distclean" />
					<AskRebuildNeeded command="$make -q -f $makefile.$target" />
					<SilentBuild command="mingw32-make.exe debug &gt; $(CMD_NULL)" />
				</MakeCommands>
			</Target>
			<Target title="Release">
				<Option output="release/Evan" prefix_auto="1" extension_auto="1" />
				<Option object_output="obj/Release/" />
				<Option type="0" />
				<Option compiler="gcc" />
				<Compiler>
					<Add option="-O2" />
					<Add directory="$(#qt4.include)" />
					<Add directory="$(#qt4.include)/QtGui" />
					<Add directory="$(#qt4.include)/QtCore" />
					<Add directory="$(#qt4.include)/QtOpenGL" />
				</Compiler>
				<Linker>
					<Add option="-s" />
					<Add library="QtCore4" />
					<Add library="QtGui4" />
					<Add library="$(#qt4)\lib\libQt3Support4.a" />
					<Add library="$(#qt4)\lib\libQt3Supportd4.a" />
					<Add library="$(#qt4)\lib\libQtAssistantClient4.a" />
					<Add library="$(#qt4)\lib\libQtAssistantClientd4.a" />
					<Add library="$(#qt4)\lib\libQtCLucene4.a" />
					<Add library="$(#qt4)\lib\libQtCLucened4.a" />
					<Add library="$(#qt4)\lib\libQtCore4.a" />
					<Add library="$(#qt4)\lib\libQtCored4.a" />
					<Add library="$(#qt4)\lib\libQtDesigner4.a" />
					<Add library="$(#qt4)\lib\libQtDesignerComponents4.a" />
					<Add library="$(#qt4)\lib\libQtDesignerComponentsd4.a" />
					<Add library="$(#qt4)\lib\libQtDesignerd4.a" />
					<Add library="$(#qt4)\lib\libQtGui4.a" />
					<Add library="$(#qt4)\lib\libQtGuid4.a" />
					<Add library="$(#qt4)\lib\libQtHelp4.a" />
					<Add library="$(#qt4)\lib\libQtHelpd4.a" />
					<Add library="$(#qt4)\lib\libqtmain.a" />
					<Add library="$(#qt4)\lib\libqtmaind.a" />
					<Add library="$(#qt4)\lib\libQtNetwork4.a" />
					<Add library="$(#qt4)\lib\libQtNetworkd4.a" />
					<Add library="$(#qt4)\lib\libQtOpenGL4.a" />
					<Add library="$(#qt4)\lib\libQtOpenGLd4.a" />
					<Add library="$(#qt4)\lib\libQtScript4.a" />
					<Add library="$(#qt4)\lib\libQtScriptd4.a" />
					<Add library="$(#qt4)\lib\libQtSql4.a" />
					<Add library="$(#qt4)\lib\libQtSqld4.a" />
					<Add library="$(#qt4)\lib\libQtSvg4.a" />
					<Add library="$(#qt4)\lib\libQtSvgd4.a" />
					<Add library="$(#qt4)\lib\libQtTest4.a" />
					<Add library="$(#qt4)\lib\libQtTestd4.a" />
					<Add library="$(#qt4)\lib\libQtUiTools.a" />
					<Add library="$(#qt4)\lib\libQtUiToolsd.a" />
					<Add library="$(#qt4)\lib\libQtWebKit4.a" />
					<Add library="$(#qt4)\lib\libQtWebKitd4.a" />
					<Add library="$(#qt4)\lib\libQtXml4.a" />
					<Add library="$(#qt4)\lib\libQtXmld4.a" />
					<Add library="$(#qt4)\lib\libQtXmlPatterns4.a" />
					<Add library="$(#qt4)\lib\libQtXmlPatternsd4.a" />
					<Add library="C:\OpenSceneGraph\lib\libOpenThreads.dll.a" />
					<Add library="C:\OpenSceneGraph\lib\libosg.dll.a" />
					<Add library="C:\OpenSceneGraph\lib\libosgDB.dll.a" />
					<Add library="C:\OpenSceneGraph\lib\libosgFX.dll.a" />
					<Add library="C:\OpenSceneGraph\lib\libosgGA.dll.a" />
					<Add library="C:\OpenSceneGraph\lib\libosgManipulator.dll.a" />
					<Add library="C:\OpenSceneGraph\lib\libosgParticle.dll.a" />
					<Add library="C:\OpenSceneGraph\lib\libosgShadow.dll.a" />
					<Add library="C:\OpenSceneGraph\lib\libosgSim.dll.a" />
					<Add library="C:\OpenSceneGraph\lib\libosgTerrain.dll.a" />
					<Add library="C:\OpenSceneGraph\lib\libosgText.dll.a" />
					<Add library="C:\OpenSceneGraph\lib\libosgUtil.dll.a" />
					<Add library="C:\OpenSceneGraph\lib\libosgViewer.dll.a" />
					<Add library="C:\OpenSceneGraph\lib\libosgWidget.dll.a" />
					<Add library="Tools\WarperTool\libew.a" />
					<Add library="lib\CLAPACK\clapack.dll" />
					<Add library="lib\GMM\GMM.dll" />
					<Add library="lib\EW\libew.a" />
					<Add directory="lib/CLAPACK" />
					<Add directory="lib/Qwt" />
					<Add directory="lib/OpenSceneGraph" />
					<Add directory="lib/GMM" />
					<Add directory="lib/Qwt3D" />
					<Add directory="C:/Program Files/R/R-2.11.1/bin" />
				</Linker>
				<MakeCommands>
					<Build command="mingw32-make.exe release" />
					<CompileFile command="mingw32-make.exe -f $makefile $file" />
					<Clean command="mingw32-make.exe -f Makefile.Release clean" />
					<DistClean command="mingw32-make.exe -f $makefile.$target distclean" />
					<AskRebuildNeeded command="$make -q -f $makefile.$target" />
					<SilentBuild command="mingw32-make.exe release &gt; $(CMD_NULL)" />
				</MakeCommands>
			</Target>
		</Build>
		<Compiler>
			<Add option="-Wall" />
			<Add directory="$(#qt4.include)" />
			<Add directory="$(#qt4.include)/QtGui" />
			<Add directory="$(#qt4.include)/QtCore" />
			<Add directory="$(#qt4.include)/QtOpenGL" />
		</Compiler>
		<Linker>
			<Add library="QtCore4" />
			<Add library="QtGui4" />
			<Add library="$(#qt4)\lib\libQt3Support4.a" />
			<Add library="$(#qt4)\lib\libQt3Supportd4.a" />
			<Add library="$(#qt4)\lib\libQtAssistantClient4.a" />
			<Add library="$(#qt4)\lib\libQtAssistantClientd4.a" />
			<Add library="$(#qt4)\lib\libQtCLucene4.a" />
			<Add library="$(#qt4)\lib\libQtCLucened4.a" />
			<Add library="$(#qt4)\lib\libQtCore4.a" />
			<Add library="$(#qt4)\lib\libQtCored4.a" />
			<Add library="$(#qt4)\lib\libQtDesigner4.a" />
			<Add library="$(#qt4)\lib\libQtDesignerComponents4.a" />
			<Add library="$(#qt4)\lib\libQtDesignerComponentsd4.a" />
			<Add library="$(#qt4)\lib\libQtDesignerd4.a" />
			<Add library="$(#qt4)\lib\libQtGui4.a" />
			<Add library="$(#qt4)\lib\libQtGuid4.a" />
			<Add library="$(#qt4)\lib\libQtHelp4.a" />
			<Add library="$(#qt4)\lib\libQtHelpd4.a" />
			<Add library="$(#qt4)\lib\libqtmain.a" />
			<Add library="$(#qt4)\lib\libqtmaind.a" />
			<Add library="$(#qt4)\lib\libQtNetwork4.a" />
			<Add library="$(#qt4)\lib\libQtNetworkd4.a" />
			<Add library="$(#qt4)\lib\libQtOpenGL4.a" />
			<Add library="$(#qt4)\lib\libQtOpenGLd4.a" />
			<Add library="$(#qt4)\lib\libQtScript4.a" />
			<Add library="$(#qt4)\lib\libQtScriptd4.a" />
			<Add library="$(#qt4)\lib\libQtSql4.a" />
			<Add library="$(#qt4)\lib\libQtSqld4.a" />
			<Add library="$(#qt4)\lib\libQtSvg4.a" />
			<Add library="$(#qt4)\lib\libQtSvgd4.a" />
			<Add library="$(#qt4)\lib\libQtTest4.a" />
			<Add library="$(#qt4)\lib\libQtTestd4.a" />
			<Add library="$(#qt4)\lib\libQtUiTools.a" />
			<Add library="$(#qt4)\lib\libQtUiToolsd.a" />
			<Add library="$(#qt4)\lib\libQtWebKit4.a" />
			<Add library="$(#qt4)\lib\libQtWebKitd4.a" />
			<Add library="$(#qt4)\lib\libQtXml4.a" />
			<Add library="$(#qt4)\lib\libQtXmld4.a" />
			<Add library="$(#qt4)\lib\libQtXmlPatterns4.a" />
			<Add library="$(#qt4)\lib\libQtXmlPatternsd4.a" />
			<Add library="C:\OpenSceneGraph\lib\libOpenThreads.dll.a" />
			<Add library="C:\OpenSceneGraph\lib\libosg.dll.a" />
			<Add library="C:\OpenSceneGraph\lib\libosgDB.dll.a" />
			<Add library="C:\OpenSceneGraph\lib\libosgFX.dll.a" />
			<Add library="C:\OpenSceneGraph\lib\libosgGA.dll.a" />
			<Add library="C:\OpenSceneGraph\lib\libosgManipulator.dll.a" />
			<Add library="C:\OpenSceneGraph\lib\libosgParticle.dll.a" />
			<Add library="C:\OpenSceneGraph\lib\libosgShadow.dll.a" />
			<Add library="C:\OpenSceneGraph\lib\libosgSim.dll.a" />
			<Add library="C:\OpenSceneGraph\lib\libosgTerrain.dll.a" />
			<Add library="C:\OpenSceneGraph\lib\libosgText.dll.a" />
			<Add library="C:\OpenSceneGraph\lib\libosgUtil.dll.a" />
			<Add library="C:\OpenSceneGraph\lib\libosgViewer.dll.a" />
			<Add library="C:\OpenSceneGraph\lib\libosgWidget.dll.a" />
			<Add library="Tools\WarperTool\libew.a" />
		</Linker>
		<Unit filename="DataTypes/CentroidSizes.h" />
		<Unit filename="DataTypes/DataTypeFactory.cpp" />
		<Unit filename="DataTypes/DataTypeFactory.h" />
		<Unit filename="DataTypes/DataTypePtr.cpp" />
		<Unit filename="DataTypes/DataTypePtr.h" />
		<Unit filename="DataTypes/DataTypes.xml" />
		<Unit filename="DataTypes/Float.cpp" />
		<Unit filename="DataTypes/Float.h" />
		<Unit filename="DataTypes/FloatVector.h" />
		<Unit filename="DataTypes/IDataType.h" />
		<Unit filename="DataTypes/IRenderable.cpp" />
		<Unit filename="DataTypes/IRenderable.h" />
		<Unit filename="DataTypes/LMKSetRenderable.cpp" />
		<Unit filename="DataTypes/LMKSetRenderable.h" />
		<Unit filename="DataTypes/Labels.cpp" />
		<Unit filename="DataTypes/Labels.h" />
		<Unit filename="DataTypes/LandmarkSet.cpp" />
		<Unit filename="DataTypes/LandmarkSet.h" />
		<Unit filename="DataTypes/Loadings.h" />
		<Unit filename="DataTypes/MatrixD.cpp" />
		<Unit filename="DataTypes/MatrixD.h" />
		<Unit filename="DataTypes/PCScore.h" />
		<Unit filename="DataTypes/ProcrustesDistances.h" />
		<Unit filename="DataTypes/RList.cpp" />
		<Unit filename="DataTypes/RList.h" />
		<Unit filename="DataTypes/Renderables.h" />
		<Unit filename="DataTypes/SpecimenGroup.cpp" />
		<Unit filename="DataTypes/SpecimenGroup.h" />
		<Unit filename="DataTypes/Specimens.h" />
		<Unit filename="DataTypes/Surface.cpp" />
		<Unit filename="DataTypes/Surface.h" />
		<Unit filename="DataTypes/SurfaceVector.h" />
		<Unit filename="DataTypes/TransformMatrix.h" />
		<Unit filename="DataTypes/Variables.h" />
		<Unit filename="DataTypes/VectorD.h" />
		<Unit filename="DataTypes/WarpGrid.cpp" />
		<Unit filename="DataTypes/WarpGrid.h" />
		<Unit filename="DataTypes/Warpings.h" />
		<Unit filename="EW/include/ew/Bbox3.h" />
		<Unit filename="EW/include/ew/Curve3.h" />
		<Unit filename="EW/include/ew/DataflowArray3.h" />
		<Unit filename="EW/include/ew/DataflowArray3E.h" />
		<Unit filename="EW/include/ew/DataflowCurve3.h" />
		<Unit filename="EW/include/ew/DataflowCurve3E.h" />
		<Unit filename="EW/include/ew/DataflowData3.h" />
		<Unit filename="EW/include/ew/DataflowForm3.h" />
		<Unit filename="EW/include/ew/DataflowImage3.h" />
		<Unit filename="EW/include/ew/DataflowNetwork.h" />
		<Unit filename="EW/include/ew/DataflowNode.h" />
		<Unit filename="EW/include/ew/DataflowNotifier.h" />
		<Unit filename="EW/include/ew/DataflowSpline3.h" />
		<Unit filename="EW/include/ew/DataflowSurface3.h" />
		<Unit filename="EW/include/ew/DataflowSurface3E.h" />
		<Unit filename="EW/include/ew/Debug.h" />
		<Unit filename="EW/include/ew/DebugHelper.h" />
		<Unit filename="EW/include/ew/Dig3.h" />
		<Unit filename="EW/include/ew/Dig3SetCurve.h" />
		<Unit filename="EW/include/ew/Dig3SetSurface.h" />
		<Unit filename="EW/include/ew/Dig3Space.h" />
		<Unit filename="EW/include/ew/Dig3Tableau.h" />
		<Unit filename="EW/include/ew/Dig3TableauSpace.h" />
		<Unit filename="EW/include/ew/Dig3View.h" />
		<Unit filename="EW/include/ew/ErrorIO.h" />
		<Unit filename="EW/include/ew/ErrorLogic.h" />
		<Unit filename="EW/include/ew/ErrorRuntime.h" />
		<Unit filename="EW/include/ew/Form3.h" />
		<Unit filename="EW/include/ew/Form3Curve.h" />
		<Unit filename="EW/include/ew/Form3Embedding.h" />
		<Unit filename="EW/include/ew/Form3Pointset.h" />
		<Unit filename="EW/include/ew/Form3Reflection.h" />
		<Unit filename="EW/include/ew/Form3Surface.h" />
		<Unit filename="EW/include/ew/Form3Volume.h" />
		<Unit filename="EW/include/ew/FriendVariable.h" />
		<Unit filename="EW/include/ew/String.h" />
		<Unit filename="EW/include/ew/Surface3.h" />
		<Unit filename="EW/include/ew/Time.h" />
		<Unit filename="EW/include/ew/Tps2.h" />
		<Unit filename="EW/include/ew/Tps3.h" />
		<Unit filename="EW/include/ew/Transform2.h" />
		<Unit filename="EW/include/ew/Transform3.h" />
		<Unit filename="EW/include/ew/Version.h" />
		<Unit filename="EW/include/ew/View3Curve.h" />
		<Unit filename="EW/include/ew/View3Image.h" />
		<Unit filename="EW/include/ew/View3Item.h" />
		<Unit filename="EW/include/ew/View3Landmarks.h" />
		<Unit filename="EW/include/ew/View3Pick.h" />
		<Unit filename="EW/include/ew/View3Surface.h" />
		<Unit filename="EW/include/ew/View3Widget.h" />
		<Unit filename="EW/src/AutoArray.h" />
		<Unit filename="EW/src/Bbox3.cpp" />
		<Unit filename="EW/src/BigNum.h" />
		<Unit filename="EW/src/Curve3.cpp" />
		<Unit filename="EW/src/DataflowArray3.cpp" />
		<Unit filename="EW/src/DataflowArray3E.cpp" />
		<Unit filename="EW/src/DataflowCurve3.cpp" />
		<Unit filename="EW/src/DataflowCurve3E.cpp" />
		<Unit filename="EW/src/DataflowForm3.cpp" />
		<Unit filename="EW/src/DataflowImage3.cpp" />
		<Unit filename="EW/src/DataflowNetwork.cpp" />
		<Unit filename="EW/src/DataflowNode.cpp" />
		<Unit filename="EW/src/DataflowNotifier.cpp" />
		<Unit filename="EW/src/DataflowSpline3.cpp" />
		<Unit filename="EW/src/DataflowSurface3.cpp" />
		<Unit filename="EW/src/DataflowSurface3E.cpp" />
		<Unit filename="EW/src/Debug.cpp" />
		<Unit filename="EW/src/DebugHelper.cpp" />
		<Unit filename="EW/src/Dig3.cpp" />
		<Unit filename="EW/src/Dig3Space.cpp" />
		<Unit filename="EW/src/Dig3Tableau.cpp" />
		<Unit filename="EW/src/Dig3View.cpp" />
		<Unit filename="EW/src/ErrorIO.cpp" />
		<Unit filename="EW/src/ErrorLogic.cpp" />
		<Unit filename="EW/src/ErrorRuntime.cpp" />
		<Unit filename="EW/src/File.cpp" />
		<Unit filename="EW/src/File.h" />
		<Unit filename="EW/src/Form3.cpp" />
		<Unit filename="EW/src/Gdtoa.cpp" />
		<Unit filename="EW/src/Gdtoa.h" />
		<Unit filename="EW/src/Geom3.cpp" />
		<Unit filename="EW/src/Geom3.h" />
		<Unit filename="EW/src/Index3.cpp" />
		<Unit filename="EW/src/Index3.h" />
		<Unit filename="EW/src/Index3ToCheck.h" />
		<Unit filename="EW/src/Index3ToIndex.h" />
		<Unit filename="EW/src/String.cpp" />
		<Unit filename="EW/src/Surface3.cpp" />
		<Unit filename="EW/src/Time.cpp" />
		<Unit filename="EW/src/Tps2.cpp" />
		<Unit filename="EW/src/Tps3.cpp" />
		<Unit filename="EW/src/Transform2.cpp" />
		<Unit filename="EW/src/Transform3.cpp" />
		<Unit filename="EW/src/View3Curve.cpp" />
		<Unit filename="EW/src/View3Image.cpp" />
		<Unit filename="EW/src/View3Item.cpp" />
		<Unit filename="EW/src/View3Landmarks.cpp" />
		<Unit filename="EW/src/View3Surface.cpp" />
		<Unit filename="EW/src/View3Widget.cpp" />
		<Unit filename="EW/src/XmlAutoDocPtr.h" />
		<Unit filename="EW/src/XmlAutoWriPtr.h" />
		<Unit filename="EW/src/XmlReader.cpp" />
		<Unit filename="EW/src/XmlReader.h" />
		<Unit filename="EW/src/XmlWriter.cpp" />
		<Unit filename="EW/src/XmlWriter.h" />
		<Unit filename="Evan.cpp" />
		<Unit filename="Evan.pro" />
		<Unit filename="GMM/include/Matrix.h" />
		<Unit filename="GMM/include/eig.h" />
		<Unit filename="GMM/include/gmm.h" />
		<Unit filename="GMM/include/gpa.h" />
		<Unit filename="GMM/include/import.h" />
		<Unit filename="GMM/include/mmr.h" />
		<Unit filename="GMM/include/pca.h" />
		<Unit filename="GMM/include/pco.h" />
		<Unit filename="GMM/include/pls.h" />
		<Unit filename="GMM/include/svd.h" />
		<Unit filename="GMM/include/tpp.h" />
		<Unit filename="GMM/include/tps.h" />
		<Unit filename="GMM/include/version.h" />
		<Unit filename="GMM/src/gpa.cpp" />
		<Unit filename="GMM/src/import.cpp" />
		<Unit filename="GMM/src/mmr.cpp" />
		<Unit filename="GMM/src/pca.cpp" />
		<Unit filename="GMM/src/pco.cpp" />
		<Unit filename="GMM/src/pls.cpp" />
		<Unit filename="GMM/src/svd.cpp" />
		<Unit filename="GMM/src/tpp.cpp" />
		<Unit filename="GMM/src/tps.cpp" />
		<Unit filename="Labels/ILabelValue.h" />
		<Unit filename="Labels/ScalarLabelValue.h" />
		<Unit filename="Labels/StringLabelValue.h" />
		<Unit filename="MainWindow/About.xml" />
		<Unit filename="MainWindow/Designer/MainWindow.ui" />
		<Unit filename="MainWindow/Designer/Refresh.bat" />
		<Unit filename="MainWindow/Designer/ui_MainWindow.h" />
		<Unit filename="MainWindow/DropArea.cpp" />
		<Unit filename="MainWindow/DropArea.h" />
		<Unit filename="MainWindow/MainWindow.cpp" />
		<Unit filename="MainWindow/MainWindow.h" />
		<Unit filename="MainWindow/NodeGraphicsItem.cpp" />
		<Unit filename="MainWindow/NodeGraphicsItem.h" />
		<Unit filename="MainWindow/VPNLayout.cpp" />
		<Unit filename="MainWindow/VPNLayout.h" />
		<Unit filename="Makefile" />
		<Unit filename="Makefile.Debug" />
		<Unit filename="Makefile.Release" />
		<Unit filename="Nodes/AnnotationNode/AnnotationNode.cpp" />
		<Unit filename="Nodes/AnnotationNode/AnnotationNode.h" />
		<Unit filename="Nodes/ConcatNode/ConcatNode.cpp" />
		<Unit filename="Nodes/ConcatNode/ConcatNode.h" />
		<Unit filename="Nodes/ExportNode/Designer/ui_export.h" />
		<Unit filename="Nodes/ExportNode/ExportNode.cpp" />
		<Unit filename="Nodes/ExportNode/ExportNode.h" />
		<Unit filename="Nodes/GPANode/Designer/ui_gpa.h" />
		<Unit filename="Nodes/GPANode/GPANode.cpp" />
		<Unit filename="Nodes/GPANode/GPANode.h" />
		<Unit filename="Nodes/GenerateSurfaceNode/GenerateSurfaceNode.cpp" />
		<Unit filename="Nodes/GenerateSurfaceNode/GenerateSurfaceNode.h" />
		<Unit filename="Nodes/GroupNode/Designer/ui_GroupDialog.h" />
		<Unit filename="Nodes/GroupNode/GroupNode.cpp" />
		<Unit filename="Nodes/GroupNode/GroupNode.h" />
		<Unit filename="Nodes/GroupNode/GroupTreeWidget.cpp" />
		<Unit filename="Nodes/GroupNode/GroupTreeWidget.h" />
		<Unit filename="Nodes/GroupNode/PlotSymbolCombo.h" />
		<Unit filename="Nodes/INode.cpp" />
		<Unit filename="Nodes/INode.h" />
		<Unit filename="Nodes/INode.hpp" />
		<Unit filename="Nodes/ImportNode/Designer/ui_import.h" />
		<Unit filename="Nodes/ImportNode/ImportFilters.h" />
		<Unit filename="Nodes/ImportNode/ImportNode.cpp" />
		<Unit filename="Nodes/ImportNode/ImportNode.h" />
		<Unit filename="Nodes/MMRNode/Designer/ui_mmr.h" />
		<Unit filename="Nodes/MMRNode/MMRNode.cpp" />
		<Unit filename="Nodes/MMRNode/MMRNode.h" />
		<Unit filename="Nodes/MultiplyNode/MultiplyNode.cpp" />
		<Unit filename="Nodes/MultiplyNode/MultiplyNode.h" />
		<Unit filename="Nodes/NodeButton.h" />
		<Unit filename="Nodes/NodeFactory.cpp" />
		<Unit filename="Nodes/NodeFactory.h" />
		<Unit filename="Nodes/NodeLink.cpp" />
		<Unit filename="Nodes/NodeLink.h" />
		<Unit filename="Nodes/NodePort.h" />
		<Unit filename="Nodes/Nodes.xml" />
		<Unit filename="Nodes/PCANode/Designer/ui_pca.h" />
		<Unit filename="Nodes/PCANode/PCANode.cpp" />
		<Unit filename="Nodes/PCANode/PCANode.h" />
		<Unit filename="Nodes/PCONode/PCONode.cpp" />
		<Unit filename="Nodes/PCONode/PCONode.h" />
		<Unit filename="Nodes/PLSNode/Designer/ui_pls.h" />
		<Unit filename="Nodes/PLSNode/PLSNode.cpp" />
		<Unit filename="Nodes/PLSNode/PLSNode.h" />
		<Unit filename="Nodes/Plotter3DNode/Plotter3DNode.cpp" />
		<Unit filename="Nodes/Plotter3DNode/Plotter3DNode.h" />
		<Unit filename="Nodes/PlotterNode/Designer/ui_axesSettings.h" />
		<Unit filename="Nodes/PlotterNode/PlotterNode.cpp" />
		<Unit filename="Nodes/PlotterNode/PlotterNode.h" />
		<Unit filename="Nodes/RNode/Designer/ui_RDialog.h" />
		<Unit filename="Nodes/RNode/MemBuf.cpp" />
		<Unit filename="Nodes/RNode/MemBuf.h" />
		<Unit filename="Nodes/RNode/RInside.cpp" />
		<Unit filename="Nodes/RNode/RInside.h" />
		<Unit filename="Nodes/RNode/RInsideAutoloads.h" />
		<Unit filename="Nodes/RNode/RNode.cpp" />
		<Unit filename="Nodes/RNode/RNode.h" />
		<Unit filename="Nodes/ReflectedRelabelling/ReflectedRelabelling.cpp" />
		<Unit filename="Nodes/ReflectedRelabelling/ReflectedRelabelling.h" />
		<Unit filename="Nodes/SelectNode/Designer/ui_SelectDialog.h" />
		<Unit filename="Nodes/SelectNode/LandmarkSetModel.h" />
		<Unit filename="Nodes/SelectNode/SelectNode.cpp" />
		<Unit filename="Nodes/SelectNode/SelectNode.h" />
		<Unit filename="Nodes/SelectNode/SpecimensModel.h" />
		<Unit filename="Nodes/SubtractNode/Designer/ui_subtract.h" />
		<Unit filename="Nodes/SubtractNode/SubtractNode.cpp" />
		<Unit filename="Nodes/SubtractNode/SubtractNode.h" />
		<Unit filename="Nodes/TemplandNode/Designer/ui_IdDialog.h" />
		<Unit filename="Nodes/TemplandNode/Designer/ui_MapListDialog.h" />
		<Unit filename="Nodes/TemplandNode/Designer/ui_Tab.h" />
		<Unit filename="Nodes/TemplandNode/Designer/ui_TableauDialog.h" />
		<Unit filename="Nodes/TemplandNode/Designer/ui_TemplandWindow.h" />
		<Unit filename="Nodes/TemplandNode/FilmstripPlayerControls.cpp" />
		<Unit filename="Nodes/TemplandNode/FilmstripPlayerControls.h" />
		<Unit filename="Nodes/TemplandNode/IdDialog.h" />
		<Unit filename="Nodes/TemplandNode/TableauDialog.h" />
		<Unit filename="Nodes/TemplandNode/TableauLayout.cpp" />
		<Unit filename="Nodes/TemplandNode/TableauLayout.h" />
		<Unit filename="Nodes/TemplandNode/TemplandNode.cpp" />
		<Unit filename="Nodes/TemplandNode/TemplandNode.h" />
		<Unit filename="Nodes/TemplandNode/ViewTree/CurveItem.h" />
		<Unit filename="Nodes/TemplandNode/ViewTree/CurvesTopItem.h" />
		<Unit filename="Nodes/TemplandNode/ViewTree/FormItem.h" />
		<Unit filename="Nodes/TemplandNode/ViewTree/GridItem.h" />
		<Unit filename="Nodes/TemplandNode/ViewTree/LandmarkItem.h" />
		<Unit filename="Nodes/TemplandNode/ViewTree/LandmarksTopItem.cpp" />
		<Unit filename="Nodes/TemplandNode/ViewTree/LandmarksTopItem.h" />
		<Unit filename="Nodes/TemplandNode/ViewTree/RefPlanesItem.h" />
		<Unit filename="Nodes/TemplandNode/ViewTree/SemiLandmarkItem.h" />
		<Unit filename="Nodes/TemplandNode/ViewTree/SemiLandmarksTopItem.cpp" />
		<Unit filename="Nodes/TemplandNode/ViewTree/SemiLandmarksTopItem.h" />
		<Unit filename="Nodes/TemplandNode/ViewTree/SliceItem.h" />
		<Unit filename="Nodes/TemplandNode/ViewTree/SurfaceItem.h" />
		<Unit filename="Nodes/TemplandNode/ViewTree/SurfaceTopItem.cpp" />
		<Unit filename="Nodes/TemplandNode/ViewTree/SurfaceTopItem.h" />
		<Unit filename="Nodes/TemplandNode/ViewTree/ViewTree.cpp" />
		<Unit filename="Nodes/TemplandNode/ViewTree/ViewTree.h" />
		<Unit filename="Nodes/TemplandNode/ViewTree/ViewTreeItem.h" />
		<Unit filename="Nodes/TemplandNode/ViewTree/VolumeItem.h" />
		<Unit filename="Nodes/TemplandNode/Viewers/View3Qt.cpp" />
		<Unit filename="Nodes/TemplandNode/Viewers/View3Qt.h" />
		<Unit filename="Nodes/TransformNode/TransformNode.cpp" />
		<Unit filename="Nodes/TransformNode/TransformNode.h" />
		<Unit filename="Nodes/ViewerNode/RenderableTree.cpp" />
		<Unit filename="Nodes/ViewerNode/RenderableTree.h" />
		<Unit filename="Nodes/ViewerNode/ViewerNode.cpp" />
		<Unit filename="Nodes/ViewerNode/ViewerNode.h" />
		<Unit filename="Nodes/WarperNode/Designer/ui_createGrid.h" />
		<Unit filename="Nodes/WarperNode/Designer/ui_gridProperty.h" />
		<Unit filename="Nodes/WarperNode/Designer/ui_warper.h" />
		<Unit filename="Nodes/WarperNode/GridTreeWidget.cpp" />
		<Unit filename="Nodes/WarperNode/GridTreeWidget.h" />
		<Unit filename="Nodes/WarperNode/WarperNode.cpp" />
		<Unit filename="Nodes/WarperNode/WarperNode.h" />
		<Unit filename="Resources.qrc" />
		<Unit filename="Scheduler/Scheduler.cpp" />
		<Unit filename="Scheduler/Scheduler.h" />
		<Unit filename="Utilities/Callbacks.h" />
		<Unit filename="Utilities/ExpressionParser.cpp" />
		<Unit filename="Utilities/ExpressionParser.h" />
		<Unit filename="Utilities/GeodeFinder.h" />
		<Unit filename="Utilities/LibraryImport.h" />
		<Unit filename="Utilities/LicenseKeyUtils.h" />
		<Unit filename="Utilities/Logger.cpp" />
		<Unit filename="Utilities/Logger.h" />
		<Unit filename="Utilities/MemBuf.h" />
		<Unit filename="Utilities/MyRayTracedTechnique.cpp" />
		<Unit filename="Utilities/MyRayTracedTechnique.h" />
		<Unit filename="Utilities/MyReaderWriterDICOM.cpp" />
		<Unit filename="Utilities/QOSGWidget.cpp" />
		<Unit filename="Utilities/QOSGWidget.h" />
		<Unit filename="Utilities/RInside.h" />
		<Unit filename="Utilities/RInsideAutoloads.h" />
		<Unit filename="Utilities/RInsideCommon.h" />
		<Unit filename="Utilities/RInsideConfig.h" />
		<Unit filename="Utilities/RInsideEnvVars.h" />
		<Unit filename="Utilities/Writer.cpp" />
		<Unit filename="Utilities/Writer.h" />
		<Unit filename="Utilities/XMLParser.cpp" />
		<Unit filename="Utilities/XMLParser.h" />
		<Unit filename="Utilities/asa063.cpp" />
		<Unit filename="Utilities/asa063.hpp" />
		<Unit filename="Utilities/mexcel.cpp" />
		<Unit filename="Utilities/mexcel.h" />
		<Unit filename="Utilities/rply.c">
			<Option compilerVar="CC" />
		</Unit>
		<Unit filename="Utilities/rply.h" />
		<Unit filename="Utilities/sha1.cpp" />
		<Unit filename="Utilities/sha1.h" />
		<Extensions>
			<code_completion />
			<debugger>
				<search_path add="E:\TDM-GCC-32\bin" />
			</debugger>
			<envvars />
			<DoxyBlocks>
				<comment_style block="0" line="0" />
				<doxyfile_project />
				<doxyfile_build />
				<doxyfile_warnings />
				<doxyfile_output />
				<doxyfile_dot />
				<general />
			</DoxyBlocks>
		</Extensions>
	</Project>
</CodeBlocks_project_file>
